
Microsoft Visual Studio Solution File, Format Version 12.00
# Visual Studio Version 17
VisualStudioVersion = 17.11.35327.3
MinimumVisualStudioVersion = 10.0.40219.1
Project("{FAE04EC0-301F-11D3-BF4B-00C04F79EFBC}") = "RunTimePolymorphismEx1", "RunTimePolymorphismEx1\RunTimePolymorphismEx1.csproj", "{EF0B99AE-BBCE-48EF-B5B8-8C9A44DB13FF}"
EndProject
Global
	GlobalSection(SolutionConfigurationPlatforms) = preSolution
		Debug|Any CPU = Debug|Any CPU
		Release|Any CPU = Release|Any CPU
	EndGlobalSection
	GlobalSection(ProjectConfigurationPlatforms) = postSolution
		{EF0B99AE-BBCE-48EF-B5B8-8C9A44DB13FF}.Debug|Any CPU.ActiveCfg = Debug|Any CPU
		{EF0B99AE-BBCE-48EF-B5B8-8C9A44DB13FF}.Debug|Any CPU.Build.0 = Debug|Any CPU
		{EF0B99AE-BBCE-48EF-B5B8-8C9A44DB13FF}.Release|Any CPU.ActiveCfg = Release|Any CPU
		{EF0B99AE-BBCE-48EF-B5B8-8C9A44DB13FF}.Release|Any CPU.Build.0 = Release|Any CPU
	EndGlobalSection
	GlobalSection(SolutionProperties) = preSolution
		HideSolutionNode = FALSE
	EndGlobalSection
	GlobalSection(ExtensibilityGlobals) = postSolution
		SolutionGuid = {D231C6E8-CDD2-40F2-B8DA-16D1EC31CEFB}
	EndGlobalSection
EndGlobal
