
Microsoft Visual Studio Solution File, Format Version 12.00
# Visual Studio Version 17
VisualStudioVersion = 17.11.35327.3
MinimumVisualStudioVersion = 10.0.40219.1
Project("{FAE04EC0-301F-11D3-BF4B-00C04F79EFBC}") = "JaggedArrayEx1", "JaggedArrayEx1\JaggedArrayEx1.csproj", "{A3935C56-BA57-493F-8256-C107C79DD75B}"
EndProject
Global
	GlobalSection(SolutionConfigurationPlatforms) = preSolution
		Debug|Any CPU = Debug|Any CPU
		Release|Any CPU = Release|Any CPU
	EndGlobalSection
	GlobalSection(ProjectConfigurationPlatforms) = postSolution
		{A3935C56-BA57-493F-8256-C107C79DD75B}.Debug|Any CPU.ActiveCfg = Debug|Any CPU
		{A3935C56-BA57-493F-8256-C107C79DD75B}.Debug|Any CPU.Build.0 = Debug|Any CPU
		{A3935C56-BA57-493F-8256-C107C79DD75B}.Release|Any CPU.ActiveCfg = Release|Any CPU
		{A3935C56-BA57-493F-8256-C107C79DD75B}.Release|Any CPU.Build.0 = Release|Any CPU
	EndGlobalSection
	GlobalSection(SolutionProperties) = preSolution
		HideSolutionNode = FALSE
	EndGlobalSection
	GlobalSection(ExtensibilityGlobals) = postSolution
		SolutionGuid = {35A139D9-1BEE-46A5-887E-A8555900178D}
	EndGlobalSection
EndGlobal
